
Microsoft Visual Studio Solution File, Format Version 12.00
# Visual Studio 15
VisualStudioVersion = 15.0.28307.1231
MinimumVisualStudioVersion = 10.0.40219.1
Project("{FAE04EC0-301F-11D3-BF4B-00C04F79EFBC}") = "001_BMI", "001\001_BMI.csproj", "{8E8A7640-C4D9-49C5-ACFF-403A736EA9DF}"
EndProject
Project("{FAE04EC0-301F-11D3-BF4B-00C04F79EFBC}") = "002_BMI", "002_BMI\002_BMI.csproj", "{0EB5A302-F43C-4250-9E93-EC4554CD4BBC}"
EndProject
Global
	GlobalSection(SolutionConfigurationPlatforms) = preSolution
		Debug|Any CPU = Debug|Any CPU
		Release|Any CPU = Release|Any CPU
	EndGlobalSection
	GlobalSection(ProjectConfigurationPlatforms) = postSolution
		{8E8A7640-C4D9-49C5-ACFF-403A736EA9DF}.Debug|Any CPU.ActiveCfg = Debug|Any CPU
		{8E8A7640-C4D9-49C5-ACFF-403A736EA9DF}.Debug|Any CPU.Build.0 = Debug|Any CPU
		{8E8A7640-C4D9-49C5-ACFF-403A736EA9DF}.Release|Any CPU.ActiveCfg = Release|Any CPU
		{8E8A7640-C4D9-49C5-ACFF-403A736EA9DF}.Release|Any CPU.Build.0 = Release|Any CPU
		{0EB5A302-F43C-4250-9E93-EC4554CD4BBC}.Debug|Any CPU.ActiveCfg = Debug|Any CPU
		{0EB5A302-F43C-4250-9E93-EC4554CD4BBC}.Debug|Any CPU.Build.0 = Debug|Any CPU
		{0EB5A302-F43C-4250-9E93-EC4554CD4BBC}.Release|Any CPU.ActiveCfg = Release|Any CPU
		{0EB5A302-F43C-4250-9E93-EC4554CD4BBC}.Release|Any CPU.Build.0 = Release|Any CPU
	EndGlobalSection
	GlobalSection(SolutionProperties) = preSolution
		HideSolutionNode = FALSE
	EndGlobalSection
	GlobalSection(ExtensibilityGlobals) = postSolution
		SolutionGuid = {4CD76605-7E95-4F48-A9DD-2CB46497C58F}
	EndGlobalSection
EndGlobal
